<?xml version="1.0" encoding="utf-8"?>
<Project ToolsVersion="4.0" xmlns="http://schemas.microsoft.com/developer/msbuild/2003">
  <ItemGroup>
    <Filter Include="源文件">
      <UniqueIdentifier>{66350928-2a79-46a9-b480-e2a9c896ed3f}</UniqueIdentifier>
    </Filter>
    <Filter Include="生成的文件">
      <UniqueIdentifier>{34bc9f62-77c6-4439-aaf6-16708ab31fb5}</UniqueIdentifier>
      <SourceControlFiles>False</SourceControlFiles>
    </Filter>
  </ItemGroup>
  <ItemGroup>
    <None Include="ATL_APIps.def" />
  </ItemGroup>
  <ItemGroup>
    <ClCompile Include="ATL_API_i.c">
      <Filter>生成的文件</Filter>
    </ClCompile>
    <ClCompile Include="ATL_API_p.c">
      <Filter>生成的文件</Filter>
    </ClCompile>
    <ClCompile Include="dlldata.c">
      <Filter>生成的文件</Filter>
    </ClCompile>
  </ItemGroup>
</Project>